
Microsoft Visual Studio Solution File, Format Version 12.00
# Visual Studio Version 16
VisualStudioVersion = 16.0.31005.135
MinimumVisualStudioVersion = 10.0.40219.1
Project("{FAE04EC0-301F-11D3-BF4B-00C04F79EFBC}") = "Shop", "Shop.csproj", "{4BD59015-F8B5-44FC-8977-0EC00707C2E1}"
EndProject
Project("{FAE04EC0-301F-11D3-BF4B-00C04F79EFBC}") = "Shop.Data", "..\Shop.Data\Shop.Data.csproj", "{ADB72892-92FC-4E70-A45F-A707AA6649A4}"
EndProject
Global
	GlobalSection(SolutionConfigurationPlatforms) = preSolution
		Debug|Any CPU = Debug|Any CPU
		Release|Any CPU = Release|Any CPU
	EndGlobalSection
	GlobalSection(ProjectConfigurationPlatforms) = postSolution
		{4BD59015-F8B5-44FC-8977-0EC00707C2E1}.Debug|Any CPU.ActiveCfg = Debug|Any CPU
		{4BD59015-F8B5-44FC-8977-0EC00707C2E1}.Debug|Any CPU.Build.0 = Debug|Any CPU
		{4BD59015-F8B5-44FC-8977-0EC00707C2E1}.Release|Any CPU.ActiveCfg = Release|Any CPU
		{4BD59015-F8B5-44FC-8977-0EC00707C2E1}.Release|Any CPU.Build.0 = Release|Any CPU
		{ADB72892-92FC-4E70-A45F-A707AA6649A4}.Debug|Any CPU.ActiveCfg = Debug|Any CPU
		{ADB72892-92FC-4E70-A45F-A707AA6649A4}.Debug|Any CPU.Build.0 = Debug|Any CPU
		{ADB72892-92FC-4E70-A45F-A707AA6649A4}.Release|Any CPU.ActiveCfg = Release|Any CPU
		{ADB72892-92FC-4E70-A45F-A707AA6649A4}.Release|Any CPU.Build.0 = Release|Any CPU
	EndGlobalSection
	GlobalSection(SolutionProperties) = preSolution
		HideSolutionNode = FALSE
	EndGlobalSection
	GlobalSection(ExtensibilityGlobals) = postSolution
		SolutionGuid = {21513318-4402-427B-A6B8-B6A9FE797BCE}
	EndGlobalSection
EndGlobal
